<?xml version="1.0" encoding="utf-8"?>
<Project ToolsVersion="4.0" xmlns="http://schemas.microsoft.com/developer/msbuild/2003">
  <ItemGroup>
    <Filter Include="Source Files">
      <UniqueIdentifier>{4FC737F1-C7A5-4376-A066-2A32D752A2FF}</UniqueIdentifier>
      <Extensions>cpp;c;cc;cxx;c++;cppm;ixx;def;odl;idl;hpj;bat;asm;asmx</Extensions>
    </Filter>
    <Filter Include="Header Files">
      <UniqueIdentifier>{93995380-89BD-4b04-88EB-625FBE52EBFB}</UniqueIdentifier>
      <Extensions>h;hh;hpp;hxx;h++;hm;inl;inc;ipp;xsd</Extensions>
    </Filter>
    <Filter Include="Resource Files">
      <UniqueIdentifier>{67DA6AB6-F800-4c08-8B7A-83BB121AAD01}</UniqueIdentifier>
      <Extensions>rc;ico;cur;bmp;dlg;rc2;rct;bin;rgs;gif;jpg;jpeg;jpe;resx;tiff;tif;png;wav;mfcribbon-ms</Extensions>
    </Filter>
  </ItemGroup>
  <ItemGroup>
    <ClInclude Include="framework.h">
      <Filter>Header Files</Filter>
    </ClInclude>
    <ClInclude Include="pch.h">
      <Filter>Header Files</Filter>
    </ClInclude>
    <ClInclude Include="ModLoader\MemAccess.h">
      <Filter>Header Files</Filter>
    </ClInclude>
    <ClInclude Include="ModLoader\ninja.h">
      <Filter>Header Files</Filter>
    </ClInclude>
    <ClInclude Include="ModLoader\njdef.h">
      <Filter>Header Files</Filter>
    </ClInclude>
    <ClInclude Include="ModLoader\SA2Enums.h">
      <Filter>Header Files</Filter>
    </ClInclude>
    <ClInclude Include="ModLoader\SA2Functions.h">
      <Filter>Header Files</Filter>
    </ClInclude>
    <ClInclude Include="ModLoader\SA2ModInfo.h">
      <Filter>Header Files</Filter>
    </ClInclude>
    <ClInclude Include="ModLoader\SA2ModLoader.h">
      <Filter>Header Files</Filter>
    </ClInclude>
    <ClInclude Include="ModLoader\SA2Structs.h">
      <Filter>Header Files</Filter>
    </ClInclude>
    <ClInclude Include="ModLoader\SA2Variables.h">
      <Filter>Header Files</Filter>
    </ClInclude>
    <ClInclude Include="ModLoader\UsercallFunctionHandler.h">
      <Filter>Header Files</Filter>
    </ClInclude>
    <ClInclude Include="Locations\LocationData.h">
      <Filter>Header Files</Filter>
    </ClInclude>
    <ClInclude Include="Locations\LocationManager.h">
      <Filter>Header Files</Filter>
    </ClInclude>
    <ClInclude Include="Archipelago\ArchipelagoManager.h">
      <Filter>Header Files</Filter>
    </ClInclude>
    <ClInclude Include="ModLoaderCommon\IniFile.hpp">
      <Filter>Header Files</Filter>
    </ClInclude>
    <ClInclude Include="ModLoaderCommon\stdafx.h">
      <Filter>Header Files</Filter>
    </ClInclude>
    <ClInclude Include="ModLoaderCommon\targetver.h">
      <Filter>Header Files</Filter>
    </ClInclude>
    <ClInclude Include="ModLoaderCommon\TextConv.hpp">
      <Filter>Header Files</Filter>
    </ClInclude>
    <ClInclude Include="ModLoaderCommon\Utils.hpp">
      <Filter>Header Files</Filter>
    </ClInclude>
    <ClInclude Include="Utilities\MessageQueue.h">
      <Filter>Header Files</Filter>
    </ClInclude>
    <ClInclude Include="Items\ItemData.h">
      <Filter>Header Files</Filter>
    </ClInclude>
    <ClInclude Include="Items\ItemManager.h">
      <Filter>Header Files</Filter>
    </ClInclude>
    <ClInclude Include="Locations\StageSelectManager.h">
      <Filter>Header Files</Filter>
    </ClInclude>
    <ClInclude Include="Locations\StageSelectData.h">
      <Filter>Header Files</Filter>
    </ClInclude>
    <ClInclude Include="Aesthetics\MusicManager.h">
      <Filter>Header Files</Filter>
    </ClInclude>
    <ClInclude Include="Aesthetics\CreditsManager.h">
      <Filter>Header Files</Filter>
    </ClInclude>
    <ClInclude Include="Aesthetics\StatsManager.h">
      <Filter>Header Files</Filter>
    </ClInclude>
    <ClInclude Include="ModLoaderCommon\Trampoline.h">
      <Filter>Header Files</Filter>
    </ClInclude>
    <ClInclude Include="Locations\StageSelectIcons.h">
      <Filter>Header Files</Filter>
    </ClInclude>
    <ClInclude Include="Items\Minigames\MinigameManager.h">
      <Filter>Header Files</Filter>
    </ClInclude>
    <ClInclude Include="Items\Minigames\MinigameBase.h">
      <Filter>Header Files</Filter>
    </ClInclude>
    <ClInclude Include="Items\Minigames\Games\Pong.h">
      <Filter>Header Files</Filter>
    </ClInclude>
    <ClInclude Include="Utilities\SpriteUtilities.h">
      <Filter>Header Files</Filter>
    </ClInclude>
    <ClInclude Include="Items\Minigames\MinigameIconData.h">
      <Filter>Header Files</Filter>
    </ClInclude>
    <ClInclude Include="Items\Minigames\MinigameUtilities.h">
      <Filter>Header Files</Filter>
    </ClInclude>
    <ClInclude Include="Items\Minigames\Backend\MinigameBackend.h">
      <Filter>Header Files</Filter>
    </ClInclude>
    <ClInclude Include="Items\Minigames\Backend\SpriteHierarchy.h">
      <Filter>Header Files</Filter>
    </ClInclude>
    <ClInclude Include="Items\Minigames\Backend\SpriteNode.h">
      <Filter>Header Files</Filter>
    </ClInclude>
    <ClInclude Include="Items\Minigames\Components\Rotator.h">
      <Filter>Header Files</Filter>
    </ClInclude>
    <ClInclude Include="Items\Minigames\Backend\SpriteBounds.h">
      <Filter>Header Files</Filter>
    </ClInclude>
    <ClInclude Include="Items\Minigames\Backend\Collision\BoundingBox.h">
      <Filter>Header Files</Filter>
    </ClInclude>
    <ClInclude Include="Items\Minigames\Backend\Collision\CollisionTest.h">
      <Filter>Header Files</Filter>
    </ClInclude>
    <ClInclude Include="Items\Minigames\Backend\Collision\CircleCollider.h">
      <Filter>Header Files</Filter>
    </ClInclude>
    <ClInclude Include="Items\Minigames\Backend\Collision\PolygonCollider.h">
      <Filter>Header Files</Filter>
    </ClInclude>
    <ClInclude Include="Items\Minigames\Backend\Collision\CollisionManager.h">
      <Filter>Header Files</Filter>
    </ClInclude>
    <ClInclude Include="Items\Minigames\Backend\Collision\Collider.h">
      <Filter>Header Files</Filter>
    </ClInclude>
    <ClInclude Include="Locations\ChaoGardenManager.h">
      <Filter>Header Files</Filter>
    </ClInclude>
    <ClInclude Include="Items\Minigames\Backend\Time\Timer.h">
      <Filter>Header Files</Filter>
    </ClInclude>
    <ClInclude Include="Items\Minigames\Backend\Time\Stopwatch.h">
      <Filter>Header Files</Filter>
    </ClInclude>
    <ClInclude Include="Items\Minigames\Backend\Time\TimeUtilities.h">
      <Filter>Header Files</Filter>
    </ClInclude>
    <ClInclude Include="Items\Minigames\Games\Fishing.h">
      <Filter>Header Files</Filter>
    </ClInclude>
    <ClInclude Include="Items\Minigames\Minigames\Platformer.h">
      <Filter>Header Files</Filter>
    </ClInclude>
    <ClInclude Include="Items\Minigames\Minigames\Pong.h">
      <Filter>Header Files</Filter>
    </ClInclude>
    <ClInclude Include="Items\Minigames\Games\Breakout.h">
      <Filter>Header Files</Filter>
    </ClInclude>
    <ClInclude Include="Items\Minigames\TextDisplayData.h">
      <Filter>Header Files</Filter>
    </ClInclude>
    <ClInclude Include="Items\Minigames\Components\TextBox.h">
      <Filter>Header Files</Filter>
    </ClInclude>
    <ClInclude Include="Items\Minigames\Games\Literature.h">
      <Filter>Header Files</Filter>
    </ClInclude>
    <ClInclude Include="Items\Minigames\Games\MinigameFinalBoss.h">
      <Filter>Header Files</Filter>
    </ClInclude>
    <ClInclude Include="Items\Minigames\Components\Wiggle.h">
      <Filter>Header Files</Filter>
    </ClInclude>
    <ClInclude Include="Items\Minigames\Games\Trivia.h">
      <Filter>Header Files</Filter>
    </ClInclude>
    <ClInclude Include="Items\Minigames\Games\PokemonTrivia.h">
      <Filter>Header Files</Filter>
    </ClInclude>
    <ClInclude Include="Items\Minigames\Games\PokemonCount.h">
      <Filter>Header Files</Filter>
    </ClInclude>
    <ClInclude Include="Items\Minigames\Games\PokemonData.h">
      <Filter>Header Files</Filter>
    </ClInclude>
    <ClInclude Include="Items\Minigames\Components\AssignColorToChildren.h">
      <Filter>Header Files</Filter>
    </ClInclude>
    <ClInclude Include="Utilities\EasingUtilities.h">
      <Filter>Header Files</Filter>
    </ClInclude>
    <ClInclude Include="Items\Minigames\Components\ParticleEmitter.h">
      <Filter>Header Files</Filter>
    </ClInclude>
    <ClInclude Include="Items\Minigames\Games\NumberSequence.h">
      <Filter>Header Files</Filter>
    </ClInclude>
    <ClInclude Include="Items\Minigames\Games\LightUpPath.h">
      <Filter>Header Files</Filter>
    </ClInclude>
    <ClInclude Include="Items\Minigames\Games\PunchOut.h">
      <Filter>Header Files</Filter>
    </ClInclude>
    <ClInclude Include="Items\Minigames\Games\Pinball.h">
      <Filter>Header Files</Filter>
    </ClInclude>
    <ClInclude Include="Items\Minigames\Backend\Collision\CastResult.h">
      <Filter>Header Files</Filter>
    </ClInclude>
    <ClInclude Include="Items\Minigames\Backend\Collision\CapsuleCollider.h">
      <Filter>Header Files</Filter>
    </ClInclude>
    <ClInclude Include="Items\Minigames\Backend\Collision\CollisionUtilities.h">
      <Filter>Header Files</Filter>
    </ClInclude>
    <ClInclude Include="Items\Minigames\Games\MathQuiz.h">
      <Filter>Header Files</Filter>
    </ClInclude>
    <ClInclude Include="Items\Minigames\Games\Snake.h">
      <Filter>Header Files</Filter>
    </ClInclude>
    <ClInclude Include="Items\Minigames\Games\InputSequence.h">
      <Filter>Header Files</Filter>
    </ClInclude>
  </ItemGroup>
  <ItemGroup>
    <ClCompile Include="dllmain.cpp">
      <Filter>Source Files</Filter>
    </ClCompile>
    <ClCompile Include="pch.cpp">
      <Filter>Source Files</Filter>
    </ClCompile>
    <ClCompile Include="EntryPoints.cpp">
      <Filter>Source Files</Filter>
    </ClCompile>
    <ClCompile Include="Locations\LocationManager.cpp">
      <Filter>Source Files</Filter>
    </ClCompile>
    <ClCompile Include="Locations\LocationData.cpp">
      <Filter>Source Files</Filter>
    </ClCompile>
    <ClCompile Include="Archipelago\ArchipelagoManager.cpp">
      <Filter>Source Files</Filter>
    </ClCompile>
    <ClCompile Include="ModLoaderCommon\IniFile.cpp">
      <Filter>Source Files</Filter>
    </ClCompile>
    <ClCompile Include="ModLoaderCommon\stdafx.cpp">
      <Filter>Source Files</Filter>
    </ClCompile>
    <ClCompile Include="ModLoaderCommon\TextConv.cpp">
      <Filter>Source Files</Filter>
    </ClCompile>
    <ClCompile Include="Utilities\MessageQueue.cpp">
      <Filter>Source Files</Filter>
    </ClCompile>
    <ClCompile Include="Items\ItemData.cpp">
      <Filter>Source Files</Filter>
    </ClCompile>
    <ClCompile Include="Items\ItemManager.cpp">
      <Filter>Source Files</Filter>
    </ClCompile>
    <ClCompile Include="Locations\StageSelectManager.cpp">
      <Filter>Source Files</Filter>
    </ClCompile>
    <ClCompile Include="Locations\StageSelectData.cpp">
      <Filter>Source Files</Filter>
    </ClCompile>
    <ClCompile Include="Aesthetics\MusicManager.cpp">
      <Filter>Source Files</Filter>
    </ClCompile>
    <ClCompile Include="Aesthetics\CreditsManager.cpp">
      <Filter>Source Files</Filter>
    </ClCompile>
    <ClCompile Include="Aesthetics\StatsManager.cpp">
      <Filter>Source Files</Filter>
    </ClCompile>
    <ClCompile Include="ModLoaderCommon\Trampoline.cpp">
      <Filter>Source Files</Filter>
    </ClCompile>
    <ClCompile Include="Locations\StageSelectIcons.cpp">
      <Filter>Source Files</Filter>
    </ClCompile>
    <ClCompile Include="Items\Minigames\MinigameManager.cpp">
      <Filter>Source Files</Filter>
    </ClCompile>
    <ClCompile Include="Items\Minigames\Games\Pong.cpp">
      <Filter>Source Files</Filter>
    </ClCompile>
    <ClCompile Include="Utilities\SpriteUtilities.cpp">
      <Filter>Source Files</Filter>
    </ClCompile>
    <ClCompile Include="Items\Minigames\MinigameIconData.cpp">
      <Filter>Source Files</Filter>
    </ClCompile>
    <ClCompile Include="Items\Minigames\MinigameUtilities.cpp">
      <Filter>Source Files</Filter>
    </ClCompile>
    <ClCompile Include="Items\Minigames\Backend\SpriteHierarchy.cpp">
      <Filter>Source Files</Filter>
    </ClCompile>
    <ClCompile Include="Items\Minigames\Backend\SpriteNode.cpp">
      <Filter>Source Files</Filter>
    </ClCompile>
    <ClCompile Include="Items\Minigames\Components\Rotator.cpp">
      <Filter>Source Files</Filter>
    </ClCompile>
    <ClCompile Include="Items\Minigames\Backend\SpriteBounds.cpp">
      <Filter>Source Files</Filter>
    </ClCompile>
    <ClCompile Include="Items\Minigames\Backend\Collision\BoundingBox.cpp">
      <Filter>Source Files</Filter>
    </ClCompile>
    <ClCompile Include="Items\Minigames\Backend\Collision\CollisionTest.cpp">
      <Filter>Source Files</Filter>
    </ClCompile>
    <ClCompile Include="Items\Minigames\Backend\Collision\CircleCollider.cpp">
      <Filter>Source Files</Filter>
    </ClCompile>
    <ClCompile Include="Items\Minigames\Backend\Collision\PolygonCollider.cpp">
      <Filter>Source Files</Filter>
    </ClCompile>
    <ClCompile Include="Items\Minigames\Backend\Collision\CollisionManager.cpp">
      <Filter>Source Files</Filter>
    </ClCompile>
    <ClCompile Include="Locations\ChaoGardenManager.cpp">
      <Filter>Source Files</Filter>
    </ClCompile>
    <ClCompile Include="Items\Minigames\Backend\Time\Timer.cpp">
      <Filter>Source Files</Filter>
    </ClCompile>
    <ClCompile Include="Items\Minigames\Backend\Time\Stopwatch.cpp">
      <Filter>Source Files</Filter>
    </ClCompile>
    <ClCompile Include="Items\Minigames\Backend\Time\TimeUtilities.cpp">
      <Filter>Source Files</Filter>
    </ClCompile>
    <ClCompile Include="Items\Minigames\Games\Breakout.cpp">
      <Filter>Source Files</Filter>
    </ClCompile>
    <ClCompile Include="Items\Minigames\Games\Fishing.cpp">
      <Filter>Source Files</Filter>
    </ClCompile>
    <ClCompile Include="Items\Minigames\Games\FishingEasy.cpp">
      <Filter>Source Files</Filter>
    </ClCompile>
    <ClCompile Include="Items\Minigames\Games\FishingMedium.cpp">
      <Filter>Source Files</Filter>
    </ClCompile>
    <ClCompile Include="Items\Minigames\Games\FishingHard.cpp">
      <Filter>Source Files</Filter>
    </ClCompile>
    <ClCompile Include="Items\Minigames\TextDisplayData.cpp">
      <Filter>Source Files</Filter>
    </ClCompile>
    <ClCompile Include="Items\Minigames\Components\TextBox.cpp">
      <Filter>Source Files</Filter>
    </ClCompile>
    <ClCompile Include="Items\Minigames\Games\Literature.cpp">
      <Filter>Source Files</Filter>
    </ClCompile>
    <ClCompile Include="Items\Minigames\Games\MinigameFinalBoss.cpp">
      <Filter>Source Files</Filter>
    </ClCompile>
    <ClCompile Include="Items\Minigames\Components\Wiggle.cpp">
      <Filter>Source Files</Filter>
    </ClCompile>
    <ClCompile Include="Items\Minigames\Games\Trivia.cpp">
      <Filter>Source Files</Filter>
    </ClCompile>
    <ClCompile Include="Items\Minigames\Games\PokemonTrivia.cpp">
      <Filter>Source Files</Filter>
    </ClCompile>
    <ClCompile Include="Items\Minigames\Games\PokemonCount.cpp">
      <Filter>Source Files</Filter>
    </ClCompile>
    <ClCompile Include="Items\Minigames\Games\PokemonData.cpp">
      <Filter>Source Files</Filter>
    </ClCompile>
    <ClCompile Include="Items\Minigames\Components\AssignColorToChildren.cpp">
      <Filter>Source Files</Filter>
    </ClCompile>
    <ClCompile Include="Utilities\EasingUtilities.cpp">
      <Filter>Source Files</Filter>
    </ClCompile>
    <ClCompile Include="Items\Minigames\Components\ParticleEmitter.cpp">
      <Filter>Source Files</Filter>
    </ClCompile>
    <ClCompile Include="Items\Minigames\Games\NumberSequence.cpp">
      <Filter>Source Files</Filter>
    </ClCompile>
    <ClCompile Include="Items\Minigames\Games\LightUpPath.cpp">
      <Filter>Source Files</Filter>
    </ClCompile>
    <ClCompile Include="Items\Minigames\Games\PunchOut.cpp">
      <Filter>Source Files</Filter>
    </ClCompile>
    <ClCompile Include="Items\Minigames\Games\Pinball.cpp">
      <Filter>Source Files</Filter>
    </ClCompile>
    <ClCompile Include="Items\Minigames\Backend\Collision\CapsuleCollider.cpp">
      <Filter>Source Files</Filter>
    </ClCompile>
    <ClCompile Include="Items\Minigames\Backend\Collision\CollisionUtilities.cpp">
      <Filter>Source Files</Filter>
    </ClCompile>
    <ClCompile Include="Items\Minigames\Games\MathQuiz.cpp">
      <Filter>Source Files</Filter>
    </ClCompile>
    <ClCompile Include="Items\Minigames\Games\Snake.cpp">
      <Filter>Source Files</Filter>
    </ClCompile>
    <ClCompile Include="Items\Minigames\Games\InputSequence.cpp">
      <Filter>Source Files</Filter>
    </ClCompile>
  </ItemGroup>
</Project>